
Microsoft Visual Studio Solution File, Format Version 12.00
# Visual Studio Version 16
VisualStudioVersion = 16.0.30621.155
MinimumVisualStudioVersion = 10.0.40219.1
Project("{FAE04EC0-301F-11D3-BF4B-00C04F79EFBC}") = "SeekAndArchive", "SeekAndArchive\SeekAndArchive.csproj", "{A664E80C-BFB4-45CD-9591-B54C01DA2CAE}"
EndProject
Global
	GlobalSection(SolutionConfigurationPlatforms) = preSolution
		Debug|Any CPU = Debug|Any CPU
		Release|Any CPU = Release|Any CPU
	EndGlobalSection
	GlobalSection(ProjectConfigurationPlatforms) = postSolution
		{A664E80C-BFB4-45CD-9591-B54C01DA2CAE}.Debug|Any CPU.ActiveCfg = Debug|Any CPU
		{A664E80C-BFB4-45CD-9591-B54C01DA2CAE}.Debug|Any CPU.Build.0 = Debug|Any CPU
		{A664E80C-BFB4-45CD-9591-B54C01DA2CAE}.Release|Any CPU.ActiveCfg = Release|Any CPU
		{A664E80C-BFB4-45CD-9591-B54C01DA2CAE}.Release|Any CPU.Build.0 = Release|Any CPU
	EndGlobalSection
	GlobalSection(SolutionProperties) = preSolution
		HideSolutionNode = FALSE
	EndGlobalSection
	GlobalSection(ExtensibilityGlobals) = postSolution
		SolutionGuid = {2AD80F86-F046-42DD-8637-57F1F707FBD0}
	EndGlobalSection
EndGlobal
